
Microsoft Visual Studio Solution File, Format Version 12.00
# Visual Studio 2015
Project("{FAE04EC0-301F-11D3-BF4B-00C04F79EFBC}") = "Wolfling.CSharp.Plugins", "Wolfling.CSharp.Plugins.csproj", "{6AFD0459-9B25-AA49-AC31-A7CDF03D7785}"
EndProject
Project("{FAE04EC0-301F-11D3-BF4B-00C04F79EFBC}") = "Wolfling.CSharp", "Wolfling.CSharp.csproj", "{9700BBEF-4C84-142C-1A56-343227F6F6DB}"
EndProject
Project("{FAE04EC0-301F-11D3-BF4B-00C04F79EFBC}") = "Wolfling.CSharp.Editor", "Wolfling.CSharp.Editor.csproj", "{CAEFE866-CB3F-98E6-AEF1-B24BAC2AB9DD}"
EndProject
Global
	GlobalSection(SolutionConfigurationPlatforms) = preSolution
		Debug|Any CPU = Debug|Any CPU
		Release|Any CPU = Release|Any CPU
	EndGlobalSection
	GlobalSection(ProjectConfigurationPlatforms) = postSolution
		{6AFD0459-9B25-AA49-AC31-A7CDF03D7785}.Debug|Any CPU.ActiveCfg = Debug|Any CPU
		{6AFD0459-9B25-AA49-AC31-A7CDF03D7785}.Debug|Any CPU.Build.0 = Debug|Any CPU
		{6AFD0459-9B25-AA49-AC31-A7CDF03D7785}.Release|Any CPU.ActiveCfg = Release|Any CPU
		{6AFD0459-9B25-AA49-AC31-A7CDF03D7785}.Release|Any CPU.Build.0 = Release|Any CPU
		{9700BBEF-4C84-142C-1A56-343227F6F6DB}.Debug|Any CPU.ActiveCfg = Debug|Any CPU
		{9700BBEF-4C84-142C-1A56-343227F6F6DB}.Debug|Any CPU.Build.0 = Debug|Any CPU
		{9700BBEF-4C84-142C-1A56-343227F6F6DB}.Release|Any CPU.ActiveCfg = Release|Any CPU
		{9700BBEF-4C84-142C-1A56-343227F6F6DB}.Release|Any CPU.Build.0 = Release|Any CPU
		{CAEFE866-CB3F-98E6-AEF1-B24BAC2AB9DD}.Debug|Any CPU.ActiveCfg = Debug|Any CPU
		{CAEFE866-CB3F-98E6-AEF1-B24BAC2AB9DD}.Debug|Any CPU.Build.0 = Debug|Any CPU
		{CAEFE866-CB3F-98E6-AEF1-B24BAC2AB9DD}.Release|Any CPU.ActiveCfg = Release|Any CPU
		{CAEFE866-CB3F-98E6-AEF1-B24BAC2AB9DD}.Release|Any CPU.Build.0 = Release|Any CPU
	EndGlobalSection
	GlobalSection(SolutionProperties) = preSolution
		HideSolutionNode = FALSE
	EndGlobalSection
EndGlobal
